// !$*UTF8*$!
{
	archiveVersion = 1;
	classes = {
	};
	objectVersion = 46;
	objects = {

/* Begin PBXBuildFile section */
		A0410D921E7DC4B3007B6944 /* HomeViewController.swift in Sources */ = {isa = PBXBuildFile; fileRef = A0410D911E7DC4B3007B6944 /* HomeViewController.swift */; };
		A0410D941E7DCF2E007B6944 /* Post.swift in Sources */ = {isa = PBXBuildFile; fileRef = A0410D931E7DCF2E007B6944 /* Post.swift */; };
		A0410D961E7E5DC1007B6944 /* ImageTableViewCell.swift in Sources */ = {isa = PBXBuildFile; fileRef = A0410D951E7E5DC1007B6944 /* ImageTableViewCell.swift */; };
		A06CA4721E80E5AA0018BBFF /* PostViewController.swift in Sources */ = {isa = PBXBuildFile; fileRef = A06CA4711E80E5AA0018BBFF /* PostViewController.swift */; };
		A0E7768B1E7B4EB50015F40C /* AppDelegate.swift in Sources */ = {isa = PBXBuildFile; fileRef = A0E7768A1E7B4EB50015F40C /* AppDelegate.swift */; };
		A0E7768D1E7B4EB50015F40C /* ViewController.swift in Sources */ = {isa = PBXBuildFile; fileRef = A0E7768C1E7B4EB50015F40C /* ViewController.swift */; };
		A0E776901E7B4EB50015F40C /* Main.storyboard in Resources */ = {isa = PBXBuildFile; fileRef = A0E7768E1E7B4EB50015F40C /* Main.storyboard */; };
		A0E776921E7B4EB50015F40C /* Assets.xcassets in Resources */ = {isa = PBXBuildFile; fileRef = A0E776911E7B4EB50015F40C /* Assets.xcassets */; };
		A0E776951E7B4EB50015F40C /* LaunchScreen.storyboard in Resources */ = {isa = PBXBuildFile; fileRef = A0E776931E7B4EB50015F40C /* LaunchScreen.storyboard */; };
		A0E7769D1E7B67720015F40C /* LoginViewController.swift in Sources */ = {isa = PBXBuildFile; fileRef = A0E7769C1E7B67720015F40C /* LoginViewController.swift */; };
		FCA1F53DF87D89DB0931A29C /* Pods_Instagram.framework in Frameworks */ = {isa = PBXBuildFile; fileRef = D76051302BEDDDE61B23B77A /* Pods_Instagram.framework */; };
/* End PBXBuildFile section */

/* Begin PBXFileReference section */
		1947D00C1ED738367C5F8F25 /* Pods-Instagram.debug.xcconfig */ = {isa = PBXFileReference; includeInIndex = 1; lastKnownFileType = text.xcconfig; name = "Pods-Instagram.debug.xcconfig"; path = "Pods/Target Support Files/Pods-Instagram/Pods-Instagram.debug.xcconfig"; sourceTree = "<group>"; };
		660B419A45D97CF523B169A2 /* Pods-Instagram.release.xcconfig */ = {isa = PBXFileReference; includeInIndex = 1; lastKnownFileType = text.xcconfig; name = "Pods-Instagram.release.xcconfig"; path = "Pods/Target Support Files/Pods-Instagram/Pods-Instagram.release.xcconfig"; sourceTree = "<group>"; };
		A0410D911E7DC4B3007B6944 /* HomeViewController.swift */ = {isa = PBXFileReference; fileEncoding = 4; lastKnownFileType = sourcecode.swift; path = HomeViewController.swift; sourceTree = "<group>"; };
		A0410D931E7DCF2E007B6944 /* Post.swift */ = {isa = PBXFileReference; fileEncoding = 4; lastKnownFileType = sourcecode.swift; path = Post.swift; sourceTree = "<group>"; };
		A0410D951E7E5DC1007B6944 /* ImageTableViewCell.swift */ = {isa = PBXFileReference; fileEncoding = 4; lastKnownFileType = sourcecode.swift; path = ImageTableViewCell.swift; sourceTree = "<group>"; };
		A06CA4711E80E5AA0018BBFF /* PostViewController.swift */ = {isa = PBXFileReference; fileEncoding = 4; lastKnownFileType = sourcecode.swift; path = PostViewController.swift; sourceTree = "<group>"; };
		A0E776871E7B4EB50015F40C /* Instagram.app */ = {isa = PBXFileReference; explicitFileType = wrapper.application; includeInIndex = 0; path = Instagram.app; sourceTree = BUILT_PRODUCTS_DIR; };
		A0E7768A1E7B4EB50015F40C /* AppDelegate.swift */ = {isa = PBXFileReference; lastKnownFileType = sourcecode.swift; path = AppDelegate.swift; sourceTree = "<group>"; };
		A0E7768C1E7B4EB50015F40C /* ViewController.swift */ = {isa = PBXFileReference; lastKnownFileType = sourcecode.swift; path = ViewController.swift; sourceTree = "<group>"; };
		A0E7768F1E7B4EB50015F40C /* Base */ = {isa = PBXFileReference; lastKnownFileType = file.storyboard; name = Base; path = Base.lproj/Main.storyboard; sourceTree = "<group>"; };
		A0E776911E7B4EB50015F40C /* Assets.xcassets */ = {isa = PBXFileReference; lastKnownFileType = folder.assetcatalog; path = Assets.xcassets; sourceTree = "<group>"; };
		A0E776941E7B4EB50015F40C /* Base */ = {isa = PBXFileReference; lastKnownFileType = file.storyboard; name = Base; path = Base.lproj/LaunchScreen.storyboard; sourceTree = "<group>"; };
		A0E776961E7B4EB50015F40C /* Info.plist */ = {isa = PBXFileReference; lastKnownFileType = text.plist.xml; path = Info.plist; sourceTree = "<group>"; };
		A0E7769C1E7B67720015F40C /* LoginViewController.swift */ = {isa = PBXFileReference; fileEncoding = 4; lastKnownFileType = sourcecode.swift; path = LoginViewController.swift; sourceTree = "<group>"; };
		D76051302BEDDDE61B23B77A /* Pods_Instagram.framework */ = {isa = PBXFileReference; explicitFileType = wrapper.framework; includeInIndex = 0; path = Pods_Instagram.framework; sourceTree = BUILT_PRODUCTS_DIR; };
/* End PBXFileReference section */

/* Begin PBXFrameworksBuildPhase section */
		A0E776841E7B4EB50015F40C /* Frameworks */ = {
			isa = PBXFrameworksBuildPhase;
			buildActionMask = 2147483647;
			files = (
				FCA1F53DF87D89DB0931A29C /* Pods_Instagram.framework in Frameworks */,
			);
			runOnlyForDeploymentPostprocessing = 0;
		};
/* End PBXFrameworksBuildPhase section */

/* Begin PBXGroup section */
		19F950638CAA8602F24D778C /* Pods */ = {
			isa = PBXGroup;
			children = (
				1947D00C1ED738367C5F8F25 /* Pods-Instagram.debug.xcconfig */,
				660B419A45D97CF523B169A2 /* Pods-Instagram.release.xcconfig */,
			);
			name = Pods;
			sourceTree = "<group>";
		};
		A0E7767E1E7B4EB50015F40C = {
			isa = PBXGroup;
			children = (
				A0E776891E7B4EB50015F40C /* Instagram */,
				A0E776881E7B4EB50015F40C /* Products */,
				19F950638CAA8602F24D778C /* Pods */,
				B84B01304D2ED587B7749EFF /* Frameworks */,
			);
			sourceTree = "<group>";
		};
		A0E776881E7B4EB50015F40C /* Products */ = {
			isa = PBXGroup;
			children = (
				A0E776871E7B4EB50015F40C /* Instagram.app */,
			);
			name = Products;
			sourceTree = "<group>";
		};
		A0E776891E7B4EB50015F40C /* Instagram */ = {
			isa = PBXGroup;
			children = (
				A0E7768A1E7B4EB50015F40C /* AppDelegate.swift */,
				A0E7768C1E7B4EB50015F40C /* ViewController.swift */,
				A0E7768E1E7B4EB50015F40C /* Main.storyboard */,
				A0E776911E7B4EB50015F40C /* Assets.xcassets */,
				A0E776931E7B4EB50015F40C /* LaunchScreen.storyboard */,
				A0E776961E7B4EB50015F40C /* Info.plist */,
				A0E7769C1E7B67720015F40C /* LoginViewController.swift */,
				A0410D911E7DC4B3007B6944 /* HomeViewController.swift */,
				A0410D931E7DCF2E007B6944 /* Post.swift */,
				A0410D951E7E5DC1007B6944 /* ImageTableViewCell.swift */,
				A06CA4711E80E5AA0018BBFF /* PostViewController.swift */,
			);
			path = Instagram;
			sourceTree = "<group>";
		};
		B84B01304D2ED587B7749EFF /* Frameworks */ = {
			isa = PBXGroup;
			children = (
				D76051302BEDDDE61B23B77A /* Pods_Instagram.framework */,
			);
			name = Frameworks;
			sourceTree = "<group>";
		};
/* End PBXGroup section */

/* Begin PBXNativeTarget section */
		A0E776861E7B4EB50015F40C /* Instagram */ = {
			isa = PBXNativeTarget;
			buildConfigurationList = A0E776991E7B4EB50015F40C /* Build configuration list for PBXNativeTarget "Instagram" */;
			buildPhases = (
				60BA25D2DAA9B59EEE7E572F /* [CP] Check Pods Manifest.lock */,
				A0E776831E7B4EB50015F40C /* Sources */,
				A0E776841E7B4EB50015F40C /* Frameworks */,
				A0E776851E7B4EB50015F40C /* Resources */,
				51799219D389DD74DAED64BE /* [CP] Embed Pods Frameworks */,
				916E09962265D89622FC2B52 /* [CP] Copy Pods Resources */,
			);
			buildRules = (
			);
			dependencies = (
			);
			name = Instagram;
			productName = Instagram;
			productReference = A0E776871E7B4EB50015F40C /* Instagram.app */;
			productType = "com.apple.product-type.application";
		};
/* End PBXNativeTarget section */

/* Begin PBXProject section */
		A0E7767F1E7B4EB50015F40C /* Project object */ = {
			isa = PBXProject;
			attributes = {
				LastSwiftUpdateCheck = 0820;
				LastUpgradeCheck = 0820;
				ORGANIZATIONNAME = "Aarnav Ram";
				TargetAttributes = {
					A0E776861E7B4EB50015F40C = {
						CreatedOnToolsVersion = 8.2.1;
						DevelopmentTeam = MLFV6FC582;
						ProvisioningStyle = Automatic;
					};
				};
			};
			buildConfigurationList = A0E776821E7B4EB50015F40C /* Build configuration list for PBXProject "Instagram" */;
			compatibilityVersion = "Xcode 3.2";
			developmentRegion = English;
			hasScannedForEncodings = 0;
			knownRegions = (
				en,
				Base,
			);
			mainGroup = A0E7767E1E7B4EB50015F40C;
			productRefGroup = A0E776881E7B4EB50015F40C /* Products */;
			projectDirPath = "";
			projectRoot = "";
			targets = (
				A0E776861E7B4EB50015F40C /* Instagram */,
			);
		};
/* End PBXProject section */

/* Begin PBXResourcesBuildPhase section */
		A0E776851E7B4EB50015F40C /* Resources */ = {
			isa = PBXResourcesBuildPhase;
			buildActionMask = 2147483647;
			files = (
				A0E776951E7B4EB50015F40C /* LaunchScreen.storyboard in Resources */,
				A0E776921E7B4EB50015F40C /* Assets.xcassets in Resources */,
				A0E776901E7B4EB50015F40C /* Main.storyboard in Resources */,
			);
			runOnlyForDeploymentPostprocessing = 0;
		};
/* End PBXResourcesBuildPhase section */

/* Begin PBXShellScriptBuildPhase section */
		51799219D389DD74DAED64BE /* [CP] Embed Pods Frameworks */ = {
			isa = PBXShellScriptBuildPhase;
			buildActionMask = 2147483647;
			files = (
			);
			inputPaths = (
			);
			name = "[CP] Embed Pods Frameworks";
			outputPaths = (
			);
			runOnlyForDeploymentPostprocessing = 0;
			shellPath = /bin/sh;
			shellScript = "\"${SRCROOT}/Pods/Target Support Files/Pods-Instagram/Pods-Instagram-frameworks.sh\"\n";
			showEnvVarsInLog = 0;
		};
		60BA25D2DAA9B59EEE7E572F /* [CP] Check Pods Manifest.lock */ = {
			isa = PBXShellScriptBuildPhase;
			buildActionMask = 2147483647;
			files = (
			);
			inputPaths = (
			);
			name = "[CP] Check Pods Manifest.lock";
			outputPaths = (
			);
			runOnlyForDeploymentPostprocessing = 0;
			shellPath = /bin/sh;
			shellScript = "diff \"${PODS_ROOT}/../Podfile.lock\" \"${PODS_ROOT}/Manifest.lock\" > /dev/null\nif [ $? != 0 ] ; then\n    # print error to STDERR\n    echo \"error: The sandbox is not in sync with the Podfile.lock. Run 'pod install' or update your CocoaPods installation.\" >&2\n    exit 1\nfi\n";
			showEnvVarsInLog = 0;
		};
		916E09962265D89622FC2B52 /* [CP] Copy Pods Resources */ = {
			isa = PBXShellScriptBuildPhase;
			buildActionMask = 2147483647;
			files = (
			);
			inputPaths = (
			);
			name = "[CP] Copy Pods Resources";
			outputPaths = (
			);
			runOnlyForDeploymentPostprocessing = 0;
			shellPath = /bin/sh;
			shellScript = "\"${SRCROOT}/Pods/Target Support Files/Pods-Instagram/Pods-Instagram-resources.sh\"\n";
			showEnvVarsInLog = 0;
		};
/* End PBXShellScriptBuildPhase section */

/* Begin PBXSourcesBuildPhase section */
		A0E776831E7B4EB50015F40C /* Sources */ = {
			isa = PBXSourcesBuildPhase;
			buildActionMask = 2147483647;
			files = (
				A0E7769D1E7B67720015F40C /* LoginViewController.swift in Sources */,
				A0E7768D1E7B4EB50015F40C /* ViewController.swift in Sources */,
				A06CA4721E80E5AA0018BBFF /* PostViewController.swift in Sources */,
				A0E7768B1E7B4EB50015F40C /* AppDelegate.swift in Sources */,
				A0410D961E7E5DC1007B6944 /* ImageTableViewCell.swift in Sources */,
				A0410D921E7DC4B3007B6944 /* HomeViewController.swift in Sources */,
				A0410D941E7DCF2E007B6944 /* Post.swift in Sources */,
			);
			runOnlyForDeploymentPostprocessing = 0;
		};
/* End PBXSourcesBuildPhase section */

/* Begin PBXVariantGroup section */
		A0E7768E1E7B4EB50015F40C /* Main.storyboard */ = {
			isa = PBXVariantGroup;
			children = (
				A0E7768F1E7B4EB50015F40C /* Base */,
			);
			name = Main.storyboard;
			sourceTree = "<group>";
		};
		A0E776931E7B4EB50015F40C /* LaunchScreen.storyboard */ = {
			isa = PBXVariantGroup;
			children = (
				A0E776941E7B4EB50015F40C /* Base */,
			);
			name = LaunchScreen.storyboard;
			sourceTree = "<group>";
		};
/* End PBXVariantGroup section */

/* Begin XCBuildConfiguration section */
		A0E776971E7B4EB50015F40C /* Debug */ = {
			isa = XCBuildConfiguration;
			buildSettings = {
				ALWAYS_SEARCH_USER_PATHS = NO;
				CLANG_ANALYZER_NONNULL = YES;
				CLANG_CXX_LANGUAGE_STANDARD = "gnu++0x";
				CLANG_CXX_LIBRARY = "libc++";
				CLANG_ENABLE_MODULES = YES;
				CLANG_ENABLE_OBJC_ARC = YES;
				CLANG_WARN_BOOL_CONVERSION = YES;
				CLANG_WARN_CONSTANT_CONVERSION = YES;
				CLANG_WARN_DIRECT_OBJC_ISA_USAGE = YES_ERROR;
				CLANG_WARN_DOCUMENTATION_COMMENTS = YES;
				CLANG_WARN_EMPTY_BODY = YES;
				CLANG_WARN_ENUM_CONVERSION = YES;
				CLANG_WARN_INFINITE_RECURSION = YES;
				CLANG_WARN_INT_CONVERSION = YES;
				CLANG_WARN_OBJC_ROOT_CLASS = YES_ERROR;
				CLANG_WARN_SUSPICIOUS_MOVE = YES;
				CLANG_WARN_UNREACHABLE_CODE = YES;
				CLANG_WARN__DUPLICATE_METHOD_MATCH = YES;
				"CODE_SIGN_IDENTITY[sdk=iphoneos*]" = "iPhone Developer";
				COPY_PHASE_STRIP = NO;
				DEBUG_INFORMATION_FORMAT = dwarf;
				ENABLE_STRICT_OBJC_MSGSEND = YES;
				ENABLE_TESTABILITY = YES;
				GCC_C_LANGUAGE_STANDARD = gnu99;
				GCC_DYNAMIC_NO_PIC = NO;
				GCC_NO_COMMON_BLOCKS = YES;
				GCC_OPTIMIZATION_LEVEL = 0;
				GCC_PREPROCESSOR_DEFINITIONS = (
					"DEBUG=1",
					"$(inherited)",
				);
				GCC_WARN_64_TO_32_BIT_CONVERSION = YES;
				GCC_WARN_ABOUT_RETURN_TYPE = YES_ERROR;
				GCC_WARN_UNDECLARED_SELECTOR = YES;
				GCC_WARN_UNINITIALIZED_AUTOS = YES_AGGRESSIVE;
				GCC_WARN_UNUSED_FUNCTION = YES;
				GCC_WARN_UNUSED_VARIABLE = YES;
				IPHONEOS_DEPLOYMENT_TARGET = 10.2;
				MTL_ENABLE_DEBUG_INFO = YES;
				ONLY_ACTIVE_ARCH = YES;
				SDKROOT = iphoneos;
				SWIFT_ACTIVE_COMPILATION_CONDITIONS = DEBUG;
				SWIFT_OPTIMIZATION_LEVEL = "-Onone";
				TARGETED_DEVICE_FAMILY = "1,2";
			};
			name = Debug;
		};
		A0E776981E7B4EB50015F40C /* Release */ = {
			isa = XCBuildConfiguration;
			buildSettings = {
				ALWAYS_SEARCH_USER_PATHS = NO;
				CLANG_ANALYZER_NONNULL = YES;
				CLANG_CXX_LANGUAGE_STANDARD = "gnu++0x";
				CLANG_CXX_LIBRARY = "libc++";
				CLANG_ENABLE_MODULES = YES;
				CLANG_ENABLE_OBJC_ARC = YES;
				CLANG_WARN_BOOL_CONVERSION = YES;
				CLANG_WARN_CONSTANT_CONVERSION = YES;
				CLANG_WARN_DIRECT_OBJC_ISA_USAGE = YES_ERROR;
				CLANG_WARN_DOCUMENTATION_COMMENTS = YES;
				CLANG_WARN_EMPTY_BODY = YES;
				CLANG_WARN_ENUM_CONVERSION = YES;
				CLANG_WARN_INFINITE_RECURSION = YES;
				CLANG_WARN_INT_CONVERSION = YES;
				CLANG_WARN_OBJC_ROOT_CLASS = YES_ERROR;
				CLANG_WARN_SUSPICIOUS_MOVE = YES;
				CLANG_WARN_UNREACHABLE_CODE = YES;
				CLANG_WARN__DUPLICATE_METHOD_MATCH = YES;
				"CODE_SIGN_IDENTITY[sdk=iphoneos*]" = "iPhone Developer";
				COPY_PHASE_STRIP = NO;
				DEBUG_INFORMATION_FORMAT = "dwarf-with-dsym";
				ENABLE_NS_ASSERTIONS = NO;
				ENABLE_STRICT_OBJC_MSGSEND = YES;
				GCC_C_LANGUAGE_STANDARD = gnu99;
				GCC_NO_COMMON_BLOCKS = YES;
				GCC_WARN_64_TO_32_BIT_CONVERSION = YES;
				GCC_WARN_ABOUT_RETURN_TYPE = YES_ERROR;
				GCC_WARN_UNDECLARED_SELECTOR = YES;
				GCC_WARN_UNINITIALIZED_AUTOS = YES_AGGRESSIVE;
				GCC_WARN_UNUSED_FUNCTION = YES;
				GCC_WARN_UNUSED_VARIABLE = YES;
				IPHONEOS_DEPLOYMENT_TARGET = 10.2;
				MTL_ENABLE_DEBUG_INFO = NO;
				SDKROOT = iphoneos;
				SWIFT_OPTIMIZATION_LEVEL = "-Owholemodule";
				TARGETED_DEVICE_FAMILY = "1,2";
				VALIDATE_PRODUCT = YES;
			};
			name = Release;
		};
		A0E7769A1E7B4EB50015F40C /* Debug */ = {
			isa = XCBuildConfiguration;
			baseConfigurationReference = 1947D00C1ED738367C5F8F25 /* Pods-Instagram.debug.xcconfig */;
			buildSettings = {
				ASSETCATALOG_COMPILER_APPICON_NAME = AppIcon;
				DEVELOPMENT_TEAM = MLFV6FC582;
				INFOPLIST_FILE = Instagram/Info.plist;
				IPHONEOS_DEPLOYMENT_TARGET = 10.0;
				LD_RUNPATH_SEARCH_PATHS = "$(inherited) @executable_path/Frameworks";
				PRODUCT_BUNDLE_IDENTIFIER = com.aarnavram.Instagram;
				PRODUCT_NAME = "$(TARGET_NAME)";
				SWIFT_VERSION = 3.0;
			};
			name = Debug;
		};
		A0E7769B1E7B4EB50015F40C /* Release */ = {
			isa = XCBuildConfiguration;
			baseConfigurationReference = 660B419A45D97CF523B169A2 /* Pods-Instagram.release.xcconfig */;
			buildSettings = {
				ASSETCATALOG_COMPILER_APPICON_NAME = AppIcon;
				DEVELOPMENT_TEAM = MLFV6FC582;
				INFOPLIST_FILE = Instagram/Info.plist;
				IPHONEOS_DEPLOYMENT_TARGET = 10.0;
				LD_RUNPATH_SEARCH_PATHS = "$(inherited) @executable_path/Frameworks";
				PRODUCT_BUNDLE_IDENTIFIER = com.aarnavram.Instagram;
				PRODUCT_NAME = "$(TARGET_NAME)";
				SWIFT_VERSION = 3.0;
			};
			name = Release;
		};
/* End XCBuildConfiguration section */

/* Begin XCConfigurationList section */
		A0E776821E7B4EB50015F40C /* Build configuration list for PBXProject "Instagram" */ = {
			isa = XCConfigurationList;
			buildConfigurations = (
				A0E776971E7B4EB50015F40C /* Debug */,
				A0E776981E7B4EB50015F40C /* Release */,
			);
			defaultConfigurationIsVisible = 0;
			defaultConfigurationName = Release;
		};
		A0E776991E7B4EB50015F40C /* Build configuration list for PBXNativeTarget "Instagram" */ = {
			isa = XCConfigurationList;
			buildConfigurations = (
				A0E7769A1E7B4EB50015F40C /* Debug */,
				A0E7769B1E7B4EB50015F40C /* Release */,
			);
			defaultConfigurationIsVisible = 0;
			defaultConfigurationName = Release;
		};
/* End XCConfigurationList section */
	};
	rootObject = A0E7767F1E7B4EB50015F40C /* Project object */;
}
